{
  "name": "geodjango-docker",
  "lockfileVersion": 3,
  "requires": true,
  "packages": {
    "": {
      "dependencies": {
        "nodeenv": "^3.0.75"
      }
    },
    "node_modules/@types/node": {
      "version": "18.7.16",
      "resolved": "https://registry.npmjs.org/@types/node/-/node-18.7.16.tgz",
      "integrity": "sha512-EQHhixfu+mkqHMZl1R2Ovuvn47PUw18azMJOTwSZr9/fhzHNGXAJ0ma0dayRVchprpCj0Kc1K1xKoWaATWF1qg==",
      "license": "MIT"
    },
    "node_modules/nodeenv": {
      "version": "3.0.75",
      "resolved": "https://registry.npmjs.org/nodeenv/-/nodeenv-3.0.75.tgz",
      "integrity": "sha512-VbuRIbTfOsEvwqVoIjJtFKzHd6XiWq07Y4NI31+WYGUhDm/HCcBSqouEwKHg67wa7rBnq006QTTJfvG8XPyruA==",
      "deprecated": "Package no longer supported. Contact Support at https://www.npmjs.com/support for more info.",
      "license": "MIT",
      "dependencies": {
        "@types/node": "18.7.16"
      }
    }
  }
}
